
Microsoft Visual Studio Solution File, Format Version 12.00
# Visual Studio Version 17
VisualStudioVersion = 17.11.35312.102
MinimumVisualStudioVersion = 10.0.40219.1
Project("{FAE04EC0-301F-11D3-BF4B-00C04F79EFBC}") = "Persona", "Persona.csproj", "{94CD85EA-FB2C-4141-8CC4-98A68ABBAB9B}"
EndProject
Global
	GlobalSection(SolutionConfigurationPlatforms) = preSolution
		Debug|Any CPU = Debug|Any CPU
		Release|Any CPU = Release|Any CPU
	EndGlobalSection
	GlobalSection(ProjectConfigurationPlatforms) = postSolution
		{94CD85EA-FB2C-4141-8CC4-98A68ABBAB9B}.Debug|Any CPU.ActiveCfg = Debug|Any CPU
		{94CD85EA-FB2C-4141-8CC4-98A68ABBAB9B}.Debug|Any CPU.Build.0 = Debug|Any CPU
		{94CD85EA-FB2C-4141-8CC4-98A68ABBAB9B}.Release|Any CPU.ActiveCfg = Release|Any CPU
		{94CD85EA-FB2C-4141-8CC4-98A68ABBAB9B}.Release|Any CPU.Build.0 = Release|Any CPU
	EndGlobalSection
	GlobalSection(SolutionProperties) = preSolution
		HideSolutionNode = FALSE
	EndGlobalSection
	GlobalSection(ExtensibilityGlobals) = postSolution
		SolutionGuid = {222F98EC-BA43-4051-AB1E-3BD6763FAF70}
	EndGlobalSection
EndGlobal
